
Microsoft Visual Studio Solution File, Format Version 12.00
# Visual Studio Version 16
VisualStudioVersion = 16.0.29613.14
MinimumVisualStudioVersion = 10.0.40219.1
Project("{2150E333-8FDC-42A3-9474-1A3956D46DE8}") = "QApi", "QApi", "{C3EBF7E1-1CA3-4234-9179-D6637449C597}"
EndProject
Project("{2150E333-8FDC-42A3-9474-1A3956D46DE8}") = "BaseApi", "BaseApi", "{1EAFB23A-3F75-4135-9C7A-4136E0BD3DC0}"
EndProject
Project("{9A19103F-16F7-4668-BE54-9A1E7A4F7556}") = "QApi", "QApi\BaseApi\QApi\QApi.csproj", "{BF2B8AD0-AB17-474F-BC48-435E86A0B876}"
EndProject
Project("{9A19103F-16F7-4668-BE54-9A1E7A4F7556}") = "QInfrastructure.Api.Http", "QApi\BaseApi\QInfrastructure.Api.Http\QInfrastructure.Api.Http.csproj", "{D21BAC89-8B15-4BA2-BCA6-C13D2D254389}"
EndProject
Project("{9A19103F-16F7-4668-BE54-9A1E7A4F7556}") = "QInfrastructure.Api.Service", "QApi\BaseApi\QInfrastructure.Api.Service\QInfrastructure.Api.Service.csproj", "{7F3FFC0A-DB8B-4A7A-9275-91A7E5C6D254}"
EndProject
Project("{2150E333-8FDC-42A3-9474-1A3956D46DE8}") = "QShared", "QShared", "{11BFD240-E5A2-4886-B5AB-46F411E61108}"
EndProject
Project("{9A19103F-16F7-4668-BE54-9A1E7A4F7556}") = "QDomain", "QShared\BaseDomain\QDomain\QDomain.csproj", "{F7B091BA-6D3C-41F0-9F21-218DD02E0EBF}"
EndProject
Project("{9A19103F-16F7-4668-BE54-9A1E7A4F7556}") = "QApplication", "QShared\QApplication\QApplication.csproj", "{FC5D2F9E-11D4-45D6-9DA3-5A1EFE13C2BA}"
EndProject
Project("{9A19103F-16F7-4668-BE54-9A1E7A4F7556}") = "QBase", "QShared\QBase\QBase.csproj", "{85ACE1D9-5F2C-45F0-B46A-04BE952D8ED8}"
EndProject
Project("{9A19103F-16F7-4668-BE54-9A1E7A4F7556}") = "QData", "QShared\QData\QData.csproj", "{F93C38D0-A653-4B31-8286-EA6D093429B1}"
EndProject
Project("{2150E333-8FDC-42A3-9474-1A3956D46DE8}") = "QLibrary", "QLibrary", "{7FD330CC-7588-4592-B71C-FFEC1EE7E6DF}"
EndProject
Project("{9A19103F-16F7-4668-BE54-9A1E7A4F7556}") = "QHttp", "QLibrary\QHttp\QHttp.csproj", "{FD47F4E9-633D-4E39-8AED-4F837B4C5A65}"
EndProject
Project("{2150E333-8FDC-42A3-9474-1A3956D46DE8}") = "Base", "Base", "{DF461832-24B6-47B9-A619-62E99395B4C7}"
EndProject
Project("{9A19103F-16F7-4668-BE54-9A1E7A4F7556}") = "QHl7", "QLibrary\QHl7\QHl7.csproj", "{F7898D7F-D8B5-462B-A1DC-4636FBEDDB87}"
EndProject
Project("{FAE04EC0-301F-11D3-BF4B-00C04F79EFBC}") = "QInfrastructure.Api.Log", "QApi\BaseApi\QInfrastructure.Api.Log\QInfrastructure.Api.Log.csproj", "{697ECE5C-9A78-40BB-9916-28AE419B1997}"
EndProject
Global
	GlobalSection(SolutionConfigurationPlatforms) = preSolution
		Debug|Any CPU = Debug|Any CPU
		Release|Any CPU = Release|Any CPU
	EndGlobalSection
	GlobalSection(ProjectConfigurationPlatforms) = postSolution
		{BF2B8AD0-AB17-474F-BC48-435E86A0B876}.Debug|Any CPU.ActiveCfg = Debug|Any CPU
		{BF2B8AD0-AB17-474F-BC48-435E86A0B876}.Debug|Any CPU.Build.0 = Debug|Any CPU
		{BF2B8AD0-AB17-474F-BC48-435E86A0B876}.Release|Any CPU.ActiveCfg = Release|Any CPU
		{BF2B8AD0-AB17-474F-BC48-435E86A0B876}.Release|Any CPU.Build.0 = Release|Any CPU
		{D21BAC89-8B15-4BA2-BCA6-C13D2D254389}.Debug|Any CPU.ActiveCfg = Debug|Any CPU
		{D21BAC89-8B15-4BA2-BCA6-C13D2D254389}.Debug|Any CPU.Build.0 = Debug|Any CPU
		{D21BAC89-8B15-4BA2-BCA6-C13D2D254389}.Release|Any CPU.ActiveCfg = Release|Any CPU
		{D21BAC89-8B15-4BA2-BCA6-C13D2D254389}.Release|Any CPU.Build.0 = Release|Any CPU
		{7F3FFC0A-DB8B-4A7A-9275-91A7E5C6D254}.Debug|Any CPU.ActiveCfg = Debug|Any CPU
		{7F3FFC0A-DB8B-4A7A-9275-91A7E5C6D254}.Debug|Any CPU.Build.0 = Debug|Any CPU
		{7F3FFC0A-DB8B-4A7A-9275-91A7E5C6D254}.Release|Any CPU.ActiveCfg = Release|Any CPU
		{7F3FFC0A-DB8B-4A7A-9275-91A7E5C6D254}.Release|Any CPU.Build.0 = Release|Any CPU
		{F7B091BA-6D3C-41F0-9F21-218DD02E0EBF}.Debug|Any CPU.ActiveCfg = Debug|Any CPU
		{F7B091BA-6D3C-41F0-9F21-218DD02E0EBF}.Debug|Any CPU.Build.0 = Debug|Any CPU
		{F7B091BA-6D3C-41F0-9F21-218DD02E0EBF}.Release|Any CPU.ActiveCfg = Release|Any CPU
		{F7B091BA-6D3C-41F0-9F21-218DD02E0EBF}.Release|Any CPU.Build.0 = Release|Any CPU
		{FC5D2F9E-11D4-45D6-9DA3-5A1EFE13C2BA}.Debug|Any CPU.ActiveCfg = Debug|Any CPU
		{FC5D2F9E-11D4-45D6-9DA3-5A1EFE13C2BA}.Debug|Any CPU.Build.0 = Debug|Any CPU
		{FC5D2F9E-11D4-45D6-9DA3-5A1EFE13C2BA}.Release|Any CPU.ActiveCfg = Release|Any CPU
		{FC5D2F9E-11D4-45D6-9DA3-5A1EFE13C2BA}.Release|Any CPU.Build.0 = Release|Any CPU
		{85ACE1D9-5F2C-45F0-B46A-04BE952D8ED8}.Debug|Any CPU.ActiveCfg = Debug|Any CPU
		{85ACE1D9-5F2C-45F0-B46A-04BE952D8ED8}.Debug|Any CPU.Build.0 = Debug|Any CPU
		{85ACE1D9-5F2C-45F0-B46A-04BE952D8ED8}.Release|Any CPU.ActiveCfg = Release|Any CPU
		{85ACE1D9-5F2C-45F0-B46A-04BE952D8ED8}.Release|Any CPU.Build.0 = Release|Any CPU
		{F93C38D0-A653-4B31-8286-EA6D093429B1}.Debug|Any CPU.ActiveCfg = Debug|Any CPU
		{F93C38D0-A653-4B31-8286-EA6D093429B1}.Debug|Any CPU.Build.0 = Debug|Any CPU
		{F93C38D0-A653-4B31-8286-EA6D093429B1}.Release|Any CPU.ActiveCfg = Release|Any CPU
		{F93C38D0-A653-4B31-8286-EA6D093429B1}.Release|Any CPU.Build.0 = Release|Any CPU
		{FD47F4E9-633D-4E39-8AED-4F837B4C5A65}.Debug|Any CPU.ActiveCfg = Debug|Any CPU
		{FD47F4E9-633D-4E39-8AED-4F837B4C5A65}.Debug|Any CPU.Build.0 = Debug|Any CPU
		{FD47F4E9-633D-4E39-8AED-4F837B4C5A65}.Release|Any CPU.ActiveCfg = Release|Any CPU
		{FD47F4E9-633D-4E39-8AED-4F837B4C5A65}.Release|Any CPU.Build.0 = Release|Any CPU
		{F7898D7F-D8B5-462B-A1DC-4636FBEDDB87}.Debug|Any CPU.ActiveCfg = Debug|Any CPU
		{F7898D7F-D8B5-462B-A1DC-4636FBEDDB87}.Debug|Any CPU.Build.0 = Debug|Any CPU
		{F7898D7F-D8B5-462B-A1DC-4636FBEDDB87}.Release|Any CPU.ActiveCfg = Release|Any CPU
		{F7898D7F-D8B5-462B-A1DC-4636FBEDDB87}.Release|Any CPU.Build.0 = Release|Any CPU
		{697ECE5C-9A78-40BB-9916-28AE419B1997}.Debug|Any CPU.ActiveCfg = Debug|Any CPU
		{697ECE5C-9A78-40BB-9916-28AE419B1997}.Debug|Any CPU.Build.0 = Debug|Any CPU
		{697ECE5C-9A78-40BB-9916-28AE419B1997}.Release|Any CPU.ActiveCfg = Release|Any CPU
		{697ECE5C-9A78-40BB-9916-28AE419B1997}.Release|Any CPU.Build.0 = Release|Any CPU
	EndGlobalSection
	GlobalSection(SolutionProperties) = preSolution
		HideSolutionNode = FALSE
	EndGlobalSection
	GlobalSection(NestedProjects) = preSolution
		{1EAFB23A-3F75-4135-9C7A-4136E0BD3DC0} = {C3EBF7E1-1CA3-4234-9179-D6637449C597}
		{BF2B8AD0-AB17-474F-BC48-435E86A0B876} = {1EAFB23A-3F75-4135-9C7A-4136E0BD3DC0}
		{D21BAC89-8B15-4BA2-BCA6-C13D2D254389} = {1EAFB23A-3F75-4135-9C7A-4136E0BD3DC0}
		{7F3FFC0A-DB8B-4A7A-9275-91A7E5C6D254} = {1EAFB23A-3F75-4135-9C7A-4136E0BD3DC0}
		{F7B091BA-6D3C-41F0-9F21-218DD02E0EBF} = {11BFD240-E5A2-4886-B5AB-46F411E61108}
		{FC5D2F9E-11D4-45D6-9DA3-5A1EFE13C2BA} = {11BFD240-E5A2-4886-B5AB-46F411E61108}
		{85ACE1D9-5F2C-45F0-B46A-04BE952D8ED8} = {DF461832-24B6-47B9-A619-62E99395B4C7}
		{F93C38D0-A653-4B31-8286-EA6D093429B1} = {11BFD240-E5A2-4886-B5AB-46F411E61108}
		{FD47F4E9-633D-4E39-8AED-4F837B4C5A65} = {7FD330CC-7588-4592-B71C-FFEC1EE7E6DF}
		{DF461832-24B6-47B9-A619-62E99395B4C7} = {C3EBF7E1-1CA3-4234-9179-D6637449C597}
		{F7898D7F-D8B5-462B-A1DC-4636FBEDDB87} = {7FD330CC-7588-4592-B71C-FFEC1EE7E6DF}
		{697ECE5C-9A78-40BB-9916-28AE419B1997} = {1EAFB23A-3F75-4135-9C7A-4136E0BD3DC0}
	EndGlobalSection
	GlobalSection(ExtensibilityGlobals) = postSolution
		SolutionGuid = {E22A7EBE-4004-4239-8E1F-EF0A669351B2}
	EndGlobalSection
EndGlobal
